
Microsoft Visual Studio Solution File, Format Version 12.00
# Visual Studio Version 17
VisualStudioVersion = 17.2.32526.322
MinimumVisualStudioVersion = 10.0.40219.1
Project("{9A19103F-16F7-4668-BE54-9A1E7A4F7556}") = "Api.Service.Stock", "Api.Service.Stock\Api.Service.Stock.csproj", "{62A5A90D-95A0-4710-95AD-6D4D65BA0EB2}"
EndProject
Project("{9A19103F-16F7-4668-BE54-9A1E7A4F7556}") = "Interface", "Interface\Interface.csproj", "{A3DB3008-F779-43FB-9C9E-E2AFF25B261E}"
EndProject
Project("{9A19103F-16F7-4668-BE54-9A1E7A4F7556}") = "CommonModels", "CommonModels\CommonModels.csproj", "{576AB748-38C3-4E26-82D5-A62A84D1C1A3}"
EndProject
Global
	GlobalSection(SolutionConfigurationPlatforms) = preSolution
		Debug|Any CPU = Debug|Any CPU
		Release|Any CPU = Release|Any CPU
	EndGlobalSection
	GlobalSection(ProjectConfigurationPlatforms) = postSolution
		{62A5A90D-95A0-4710-95AD-6D4D65BA0EB2}.Debug|Any CPU.ActiveCfg = Debug|Any CPU
		{62A5A90D-95A0-4710-95AD-6D4D65BA0EB2}.Debug|Any CPU.Build.0 = Debug|Any CPU
		{62A5A90D-95A0-4710-95AD-6D4D65BA0EB2}.Release|Any CPU.ActiveCfg = Release|Any CPU
		{62A5A90D-95A0-4710-95AD-6D4D65BA0EB2}.Release|Any CPU.Build.0 = Release|Any CPU
		{A3DB3008-F779-43FB-9C9E-E2AFF25B261E}.Debug|Any CPU.ActiveCfg = Debug|Any CPU
		{A3DB3008-F779-43FB-9C9E-E2AFF25B261E}.Debug|Any CPU.Build.0 = Debug|Any CPU
		{A3DB3008-F779-43FB-9C9E-E2AFF25B261E}.Release|Any CPU.ActiveCfg = Release|Any CPU
		{A3DB3008-F779-43FB-9C9E-E2AFF25B261E}.Release|Any CPU.Build.0 = Release|Any CPU
		{576AB748-38C3-4E26-82D5-A62A84D1C1A3}.Debug|Any CPU.ActiveCfg = Debug|Any CPU
		{576AB748-38C3-4E26-82D5-A62A84D1C1A3}.Debug|Any CPU.Build.0 = Debug|Any CPU
		{576AB748-38C3-4E26-82D5-A62A84D1C1A3}.Release|Any CPU.ActiveCfg = Release|Any CPU
		{576AB748-38C3-4E26-82D5-A62A84D1C1A3}.Release|Any CPU.Build.0 = Release|Any CPU
	EndGlobalSection
	GlobalSection(SolutionProperties) = preSolution
		HideSolutionNode = FALSE
	EndGlobalSection
	GlobalSection(ExtensibilityGlobals) = postSolution
		SolutionGuid = {1F4013EC-E91E-42A4-9770-358829B16C71}
	EndGlobalSection
EndGlobal
